
Microsoft Visual Studio Solution File, Format Version 12.00
# Visual Studio Version 16
VisualStudioVersion = 16.0.35931.194
MinimumVisualStudioVersion = 10.0.40219.1
Project("{FAE04EC0-301F-11D3-BF4B-00C04F79EFBC}") = "BlogMVCApp", "BlogMVCApp\BlogMVCApp.csproj", "{8607F50B-3149-4552-AB07-8426ABB1DA87}"
EndProject
Global
	GlobalSection(SolutionConfigurationPlatforms) = preSolution
		Debug|Any CPU = Debug|Any CPU
		Release|Any CPU = Release|Any CPU
	EndGlobalSection
	GlobalSection(ProjectConfigurationPlatforms) = postSolution
		{8607F50B-3149-4552-AB07-8426ABB1DA87}.Debug|Any CPU.ActiveCfg = Debug|Any CPU
		{8607F50B-3149-4552-AB07-8426ABB1DA87}.Debug|Any CPU.Build.0 = Debug|Any CPU
		{8607F50B-3149-4552-AB07-8426ABB1DA87}.Release|Any CPU.ActiveCfg = Release|Any CPU
		{8607F50B-3149-4552-AB07-8426ABB1DA87}.Release|Any CPU.Build.0 = Release|Any CPU
	EndGlobalSection
	GlobalSection(SolutionProperties) = preSolution
		HideSolutionNode = FALSE
	EndGlobalSection
	GlobalSection(ExtensibilityGlobals) = postSolution
		SolutionGuid = {78F8C436-5786-4253-A8F3-89B0A421504E}
	EndGlobalSection
EndGlobal
